# Run ./gradlew writeVersionsLocks to regenerate this file. Blank lines are to minimize merge conflicts.

com.fasterxml.jackson.core:jackson-annotations:2.21 (4 constraints: da3c34c2)

com.fasterxml.jackson.core:jackson-core:2.21.1 (2 constraints: ef29e412)

com.fasterxml.jackson.core:jackson-databind:2.21.1 (1 constraints: 6a17a03d)

com.fasterxml.jackson.dataformat:jackson-dataformat-xml:2.21.1 (1 constraints: 3a1b2047)

com.fasterxml.woodstox:woodstox-core:7.1.1 (1 constraints: 3d174926)

com.google.errorprone:error_prone_annotations:2.47.0 (2 constraints: 9a1c39fb)

com.google.guava:failureaccess:1.0.3 (1 constraints: 160ae3b4)

com.google.guava:guava:33.6.0-jre (3 constraints: 7a3bdec3)

com.google.guava:listenablefuture:9999.0-empty-to-avoid-conflict-with-guava (1 constraints: bd17c918)

com.google.j2objc:j2objc-annotations:3.1 (1 constraints: b809f1a0)

com.palantir.gradle.better-exec:better-exec:3.7.0 (1 constraints: 0c050f36)

com.palantir.gradle.failure-reports:gradle-failure-reports-common:1.13.0 (1 constraints: ed1c2cc2)

com.palantir.gradle.failure-reports:gradle-failure-reports-exceptions:1.13.0 (1 constraints: 4a129919)

com.palantir.gradle.utils:circleci-artifacts:0.23.0 (1 constraints: 4a129719)

com.palantir.gradle.utils:environment-variables:0.23.0 (2 constraints: 4025a329)

com.palantir.gradle.utils:exec:0.23.0 (1 constraints: 300f6476)

com.palantir.gradle.utils:platform:0.23.0 (1 constraints: 4a129719)

com.palantir.gradle.utils:providers:0.23.0 (2 constraints: 6620e45c)

org.codehaus.woodstox:stax2-api:4.2.2 (2 constraints: 6a278bd2)

org.jspecify:jspecify:1.0.0 (4 constraints: a13f56dd)



[Test dependencies]

cglib:cglib-nodep:3.2.2 (1 constraints: 490ded24)

com.netflix.nebula:nebula-test:10.6.2 (1 constraints: 3b053b3b)

com.palantir.gradle.plugintesting:plugin-testing-core:0.6.0 (1 constraints: 0805fd35)

com.squareup.okhttp3:mockwebserver:5.3.2 (1 constraints: 0c050f36)

com.squareup.okhttp3:mockwebserver3:5.3.2 (1 constraints: 390f436d)

com.squareup.okhttp3:okhttp-jvm:5.3.2 (2 constraints: a41ee987)

com.squareup.okio:okio-jvm:3.16.4 (1 constraints: 020ea946)

junit:junit:4.13.2 (2 constraints: 831d9940)

org.apiguardian:apiguardian-api:1.1.2 (3 constraints: 98356443)

org.codehaus.groovy:groovy:3.0.12 (2 constraints: 781b1f9d)

org.hamcrest:hamcrest:2.2 (1 constraints: d20cdc04)

org.hamcrest:hamcrest-core:1.3 (1 constraints: cc05fe3f)

org.jetbrains:annotations:13.0 (1 constraints: df0e795c)

org.jetbrains.kotlin:kotlin-stdlib:2.2.21 (4 constraints: ee388d47)

org.junit.platform:junit-platform-commons:6.1.0 (1 constraints: 6b11a1d9)

org.junit.platform:junit-platform-engine:6.1.0 (2 constraints: 7c1f07d8)

org.junit.platform:junit-platform-launcher:6.1.0 (1 constraints: 09050c36)

org.objenesis:objenesis:2.4 (1 constraints: ea0c8c0a)

org.opentest4j:opentest4j:1.3.0 (1 constraints: 68118ed9)

org.spockframework:spock-core:2.3-groovy-3.0 (2 constraints: 922109a6)

org.spockframework:spock-junit4:2.3-groovy-3.0 (1 constraints: 7a1000b0)
