# Run ./gradlew writeVersionsLocks to regenerate this file
com.fasterxml.jackson.core:jackson-annotations:2.19.2 (3 constraints: 3139c6c1)
com.fasterxml.jackson.core:jackson-core:2.15.3 (2 constraints: f9293d14)
com.fasterxml.jackson.core:jackson-databind:2.15.3 (2 constraints: 071d8cef)
com.fasterxml.jackson.dataformat:jackson-dataformat-xml:2.15.3 (1 constraints: 3a1b2047)
com.fasterxml.woodstox:woodstox-core:6.5.1 (1 constraints: 40175026)
com.google.errorprone:error_prone_annotations:2.41.0 (1 constraints: 490a3ebf)
com.google.guava:failureaccess:1.0.3 (1 constraints: 160ae3b4)
com.google.guava:guava:33.5.0-jre (3 constraints: 793b45c3)
com.google.guava:listenablefuture:9999.0-empty-to-avoid-conflict-with-guava (1 constraints: bd17c918)
com.google.j2objc:j2objc-annotations:3.1 (1 constraints: b809f1a0)
com.palantir.gradle.better-exec:better-exec:3.4.0 (1 constraints: 09050636)
com.palantir.gradle.failure-reports:gradle-failure-reports-common:1.13.0 (1 constraints: ed1c2cc2)
com.palantir.gradle.failure-reports:gradle-failure-reports-exceptions:1.13.0 (1 constraints: 4a129919)
com.palantir.gradle.utils:circleci-artifacts:0.19.0 (1 constraints: 4f12a519)
com.palantir.gradle.utils:environment-variables:0.19.0 (2 constraints: 4a25cd2a)
com.palantir.gradle.utils:exec:0.19.0 (1 constraints: 350f7276)
com.palantir.gradle.utils:platform:0.19.0 (1 constraints: 4f12a519)
com.palantir.gradle.utils:providers:0.19.0 (2 constraints: 7020c85d)
org.codehaus.woodstox:stax2-api:4.2.1 (2 constraints: 68275cd2)
org.jspecify:jspecify:1.0.0 (1 constraints: 130ae0b4)

[Test dependencies]
cglib:cglib-nodep:3.2.2 (1 constraints: 490ded24)
com.netflix.nebula:nebula-test:10.6.2 (1 constraints: 3b053b3b)
com.palantir.gradle.plugintesting:plugin-testing-core:0.6.0 (1 constraints: 0805fd35)
com.squareup.okhttp3:mockwebserver:5.3.2 (1 constraints: 0c050f36)
com.squareup.okhttp3:mockwebserver3:5.3.2 (1 constraints: 390f436d)
com.squareup.okhttp3:okhttp-jvm:5.3.2 (2 constraints: a41ee987)
com.squareup.okio:okio-jvm:3.16.4 (1 constraints: 020ea946)
junit:junit:4.13.2 (2 constraints: 831d9940)
org.apiguardian:apiguardian-api:1.1.2 (2 constraints: 5523ed36)
org.codehaus.groovy:groovy:3.0.12 (2 constraints: 781b1f9d)
org.hamcrest:hamcrest:2.2 (1 constraints: d20cdc04)
org.hamcrest:hamcrest-core:1.3 (1 constraints: cc05fe3f)
org.jetbrains:annotations:13.0 (1 constraints: df0e795c)
org.jetbrains.kotlin:kotlin-stdlib:2.2.21 (4 constraints: ee388d47)
org.junit.platform:junit-platform-commons:1.9.0 (1 constraints: 6e11a0d9)
org.junit.platform:junit-platform-engine:1.9.0 (1 constraints: 360d1c1f)
org.objenesis:objenesis:2.4 (1 constraints: ea0c8c0a)
org.opentest4j:opentest4j:1.2.0 (1 constraints: 67118bd9)
org.spockframework:spock-core:2.3-groovy-3.0 (2 constraints: 922109a6)
org.spockframework:spock-junit4:2.3-groovy-3.0 (1 constraints: 7a1000b0)
