# Run ./gradlew writeVersionsLocks to regenerate this file

[Test dependencies]
cglib:cglib-nodep:3.2.2 (1 constraints: 490ded24)
com.google.errorprone:error_prone_annotations:2.36.0 (1 constraints: 4d0a49bf)
com.google.guava:failureaccess:1.0.3 (1 constraints: 160ae3b4)
com.google.guava:guava:33.4.6-jre (2 constraints: d91e2b7f)
com.google.guava:listenablefuture:9999.0-empty-to-avoid-conflict-with-guava (1 constraints: bd17c918)
com.google.j2objc:j2objc-annotations:3.0.0 (1 constraints: 150aeab4)
com.netflix.nebula:nebula-test:10.6.2 (1 constraints: 3b053b3b)
com.palantir.gradle.plugintesting:plugin-testing-core:0.6.0 (1 constraints: 0805fd35)
com.squareup.okhttp3:mockwebserver:4.12.0 (1 constraints: 3905413b)
com.squareup.okhttp3:okhttp:4.12.0 (1 constraints: 660fa27c)
com.squareup.okio:okio:3.6.0 (1 constraints: 530c38fd)
com.squareup.okio:okio-jvm:3.6.0 (1 constraints: 500ad3b9)
junit:junit:4.13.2 (2 constraints: 831d9940)
org.apiguardian:apiguardian-api:1.1.2 (2 constraints: 5523ed36)
org.codehaus.groovy:groovy:3.0.12 (2 constraints: 781b1f9d)
org.hamcrest:hamcrest:2.2 (1 constraints: d20cdc04)
org.hamcrest:hamcrest-core:1.3 (1 constraints: cc05fe3f)
org.jetbrains:annotations:13.0 (1 constraints: df0e795c)
org.jetbrains.kotlin:kotlin-stdlib:1.9.10 (2 constraints: c2210fe1)
org.jetbrains.kotlin:kotlin-stdlib-common:1.9.10 (2 constraints: 3f1b4b83)
org.jetbrains.kotlin:kotlin-stdlib-jdk7:1.9.10 (1 constraints: e210ffd2)
org.jetbrains.kotlin:kotlin-stdlib-jdk8:1.9.10 (3 constraints: eb27efa7)
org.jspecify:jspecify:1.0.0 (1 constraints: 130ae0b4)
org.junit.platform:junit-platform-commons:1.9.0 (1 constraints: 6e11a0d9)
org.junit.platform:junit-platform-engine:1.9.0 (1 constraints: 360d1c1f)
org.objenesis:objenesis:2.4 (1 constraints: ea0c8c0a)
org.opentest4j:opentest4j:1.2.0 (1 constraints: 67118bd9)
org.spockframework:spock-core:2.3-groovy-3.0 (2 constraints: 922109a6)
org.spockframework:spock-junit4:2.3-groovy-3.0 (1 constraints: 7a1000b0)
